
Microsoft Visual Studio Solution File, Format Version 12.00
# Visual Studio 14
VisualStudioVersion = 14.0.25420.1
MinimumVisualStudioVersion = 10.0.40219.1
Project("{2150E333-8FDC-42A3-9474-1A3956D46DE8}") = "src", "src", "{E112CF57-1102-465F-B3CE-3CBAFD2637AF}"
EndProject
Project("{2150E333-8FDC-42A3-9474-1A3956D46DE8}") = "Solution Items", "Solution Items", "{4CC38563-F42C-45A8-A741-F506E12A3857}"
	ProjectSection(SolutionItems) = preProject
		nupkg\pack.bat = nupkg\pack.bat
		README.md = README.md
	EndProjectSection
EndProject
Project("{2150E333-8FDC-42A3-9474-1A3956D46DE8}") = "test", "test", "{4941C38C-5760-4C12-BB1E-64A3BC4761B1}"
EndProject
Project("{8BB2217D-0F2D-49D1-97BC-3654ED321F3B}") = "FxUtility.DataStructuresCSharp", "src\FxUtility.DataStructuresCSharp\FxUtility.DataStructuresCSharp.xproj", "{F2658CC2-2295-4192-B7F3-A0509E1BEFC1}"
EndProject
Project("{8BB2217D-0F2D-49D1-97BC-3654ED321F3B}") = "DataStructuresCSharpTest", "test\DataStructuresCSharpTest\DataStructuresCSharpTest.xproj", "{EF28F32D-DC0A-4DF9-AFDE-39302D07057E}"
EndProject
Project("{8BC9CEB8-8B4A-11D0-8D11-00A0C91BC942}") = "FxUtility.DataStructuresCpp", "src\FxUtility.DataStructuresCpp\FxUtility.DataStructuresCpp.vcxproj", "{67FFD67F-F282-4362-84EE-E336117AF15B}"
EndProject
Global
	GlobalSection(SolutionConfigurationPlatforms) = preSolution
		Debug|Any CPU = Debug|Any CPU
		Debug|x64 = Debug|x64
		Debug|x86 = Debug|x86
		Release|Any CPU = Release|Any CPU
		Release|x64 = Release|x64
		Release|x86 = Release|x86
	EndGlobalSection
	GlobalSection(ProjectConfigurationPlatforms) = postSolution
		{F2658CC2-2295-4192-B7F3-A0509E1BEFC1}.Debug|Any CPU.ActiveCfg = Debug|Any CPU
		{F2658CC2-2295-4192-B7F3-A0509E1BEFC1}.Debug|Any CPU.Build.0 = Debug|Any CPU
		{F2658CC2-2295-4192-B7F3-A0509E1BEFC1}.Debug|x64.ActiveCfg = Debug|Any CPU
		{F2658CC2-2295-4192-B7F3-A0509E1BEFC1}.Debug|x64.Build.0 = Debug|Any CPU
		{F2658CC2-2295-4192-B7F3-A0509E1BEFC1}.Debug|x86.ActiveCfg = Debug|Any CPU
		{F2658CC2-2295-4192-B7F3-A0509E1BEFC1}.Debug|x86.Build.0 = Debug|Any CPU
		{F2658CC2-2295-4192-B7F3-A0509E1BEFC1}.Release|Any CPU.ActiveCfg = Release|Any CPU
		{F2658CC2-2295-4192-B7F3-A0509E1BEFC1}.Release|Any CPU.Build.0 = Release|Any CPU
		{F2658CC2-2295-4192-B7F3-A0509E1BEFC1}.Release|x64.ActiveCfg = Release|Any CPU
		{F2658CC2-2295-4192-B7F3-A0509E1BEFC1}.Release|x64.Build.0 = Release|Any CPU
		{F2658CC2-2295-4192-B7F3-A0509E1BEFC1}.Release|x86.ActiveCfg = Release|Any CPU
		{F2658CC2-2295-4192-B7F3-A0509E1BEFC1}.Release|x86.Build.0 = Release|Any CPU
		{EF28F32D-DC0A-4DF9-AFDE-39302D07057E}.Debug|Any CPU.ActiveCfg = Debug|Any CPU
		{EF28F32D-DC0A-4DF9-AFDE-39302D07057E}.Debug|Any CPU.Build.0 = Debug|Any CPU
		{EF28F32D-DC0A-4DF9-AFDE-39302D07057E}.Debug|x64.ActiveCfg = Debug|Any CPU
		{EF28F32D-DC0A-4DF9-AFDE-39302D07057E}.Debug|x64.Build.0 = Debug|Any CPU
		{EF28F32D-DC0A-4DF9-AFDE-39302D07057E}.Debug|x86.ActiveCfg = Debug|Any CPU
		{EF28F32D-DC0A-4DF9-AFDE-39302D07057E}.Debug|x86.Build.0 = Debug|Any CPU
		{EF28F32D-DC0A-4DF9-AFDE-39302D07057E}.Release|Any CPU.ActiveCfg = Release|Any CPU
		{EF28F32D-DC0A-4DF9-AFDE-39302D07057E}.Release|Any CPU.Build.0 = Release|Any CPU
		{EF28F32D-DC0A-4DF9-AFDE-39302D07057E}.Release|x64.ActiveCfg = Release|Any CPU
		{EF28F32D-DC0A-4DF9-AFDE-39302D07057E}.Release|x64.Build.0 = Release|Any CPU
		{EF28F32D-DC0A-4DF9-AFDE-39302D07057E}.Release|x86.ActiveCfg = Release|Any CPU
		{EF28F32D-DC0A-4DF9-AFDE-39302D07057E}.Release|x86.Build.0 = Release|Any CPU
		{67FFD67F-F282-4362-84EE-E336117AF15B}.Debug|Any CPU.ActiveCfg = Debug|Win32
		{67FFD67F-F282-4362-84EE-E336117AF15B}.Debug|Any CPU.Build.0 = Debug|Win32
		{67FFD67F-F282-4362-84EE-E336117AF15B}.Debug|x64.ActiveCfg = Debug|x64
		{67FFD67F-F282-4362-84EE-E336117AF15B}.Debug|x64.Build.0 = Debug|x64
		{67FFD67F-F282-4362-84EE-E336117AF15B}.Debug|x86.ActiveCfg = Debug|Win32
		{67FFD67F-F282-4362-84EE-E336117AF15B}.Debug|x86.Build.0 = Debug|Win32
		{67FFD67F-F282-4362-84EE-E336117AF15B}.Release|Any CPU.ActiveCfg = Release|Win32
		{67FFD67F-F282-4362-84EE-E336117AF15B}.Release|x64.ActiveCfg = Release|x64
		{67FFD67F-F282-4362-84EE-E336117AF15B}.Release|x64.Build.0 = Release|x64
		{67FFD67F-F282-4362-84EE-E336117AF15B}.Release|x86.ActiveCfg = Release|Win32
		{67FFD67F-F282-4362-84EE-E336117AF15B}.Release|x86.Build.0 = Release|Win32
	EndGlobalSection
	GlobalSection(SolutionProperties) = preSolution
		HideSolutionNode = FALSE
	EndGlobalSection
	GlobalSection(NestedProjects) = preSolution
		{F2658CC2-2295-4192-B7F3-A0509E1BEFC1} = {E112CF57-1102-465F-B3CE-3CBAFD2637AF}
		{EF28F32D-DC0A-4DF9-AFDE-39302D07057E} = {4941C38C-5760-4C12-BB1E-64A3BC4761B1}
		{67FFD67F-F282-4362-84EE-E336117AF15B} = {E112CF57-1102-465F-B3CE-3CBAFD2637AF}
	EndGlobalSection
EndGlobal
